
Microsoft Visual Studio Solution File, Format Version 12.00
# Visual Studio Version 17
VisualStudioVersion = 17.9.34607.119
MinimumVisualStudioVersion = 10.0.40219.1
Project("{FAE04EC0-301F-11D3-BF4B-00C04F79EFBC}") = "movimiento", "movimiento\movimiento.csproj", "{093BC3B9-97A4-44C3-83BE-87F2BA2C1EA9}"
EndProject
Project("{FAE04EC0-301F-11D3-BF4B-00C04F79EFBC}") = "movimientoBL", "movimientoBL\movimientoBL.csproj", "{203D8572-FD49-4DE6-B249-1CB5141F6843}"
EndProject
Project("{FAE04EC0-301F-11D3-BF4B-00C04F79EFBC}") = "movimientoDL", "movimientoDL\movimientoDL.csproj", "{C592C330-1516-4928-BCE7-28786DC35E01}"
EndProject
Global
	GlobalSection(SolutionConfigurationPlatforms) = preSolution
		Debug|Any CPU = Debug|Any CPU
		Release|Any CPU = Release|Any CPU
	EndGlobalSection
	GlobalSection(ProjectConfigurationPlatforms) = postSolution
		{093BC3B9-97A4-44C3-83BE-87F2BA2C1EA9}.Debug|Any CPU.ActiveCfg = Debug|Any CPU
		{093BC3B9-97A4-44C3-83BE-87F2BA2C1EA9}.Debug|Any CPU.Build.0 = Debug|Any CPU
		{093BC3B9-97A4-44C3-83BE-87F2BA2C1EA9}.Release|Any CPU.ActiveCfg = Release|Any CPU
		{093BC3B9-97A4-44C3-83BE-87F2BA2C1EA9}.Release|Any CPU.Build.0 = Release|Any CPU
		{203D8572-FD49-4DE6-B249-1CB5141F6843}.Debug|Any CPU.ActiveCfg = Debug|Any CPU
		{203D8572-FD49-4DE6-B249-1CB5141F6843}.Debug|Any CPU.Build.0 = Debug|Any CPU
		{203D8572-FD49-4DE6-B249-1CB5141F6843}.Release|Any CPU.ActiveCfg = Release|Any CPU
		{203D8572-FD49-4DE6-B249-1CB5141F6843}.Release|Any CPU.Build.0 = Release|Any CPU
		{C592C330-1516-4928-BCE7-28786DC35E01}.Debug|Any CPU.ActiveCfg = Debug|Any CPU
		{C592C330-1516-4928-BCE7-28786DC35E01}.Debug|Any CPU.Build.0 = Debug|Any CPU
		{C592C330-1516-4928-BCE7-28786DC35E01}.Release|Any CPU.ActiveCfg = Release|Any CPU
		{C592C330-1516-4928-BCE7-28786DC35E01}.Release|Any CPU.Build.0 = Release|Any CPU
	EndGlobalSection
	GlobalSection(SolutionProperties) = preSolution
		HideSolutionNode = FALSE
	EndGlobalSection
	GlobalSection(ExtensibilityGlobals) = postSolution
		SolutionGuid = {0C611433-B858-4FCC-A06B-F6D20EDA9C66}
	EndGlobalSection
EndGlobal
